
Microsoft Visual Studio Solution File, Format Version 12.00
# Visual Studio 15
VisualStudioVersion = 15.0.28307.329
MinimumVisualStudioVersion = 10.0.40219.1
Project("{9A19103F-16F7-4668-BE54-9A1E7A4F7556}") = "Santorini", "src\Santorini\Santorini.csproj", "{FF49E1D5-A374-474E-8F35-2B6CF4E9EB1B}"
EndProject
Project("{9A19103F-16F7-4668-BE54-9A1E7A4F7556}") = "Santorini.Tests", "src\Santorini.Tests\Santorini.Tests.csproj", "{EBEAF5BA-028F-4C67-A8E9-10EF1F514C41}"
EndProject
Project("{9A19103F-16F7-4668-BE54-9A1E7A4F7556}") = "Santorini.Host", "src\Santorini.Host\Santorini.Host.csproj", "{28497CDE-6FE6-4130-BF7F-8AD25423477F}"
EndProject
Project("{2150E333-8FDC-42A3-9474-1A3956D46DE8}") = "Tests", "Tests", "{704D31D4-1474-45C8-A7D3-214C44BCED18}"
EndProject
Project("{2150E333-8FDC-42A3-9474-1A3956D46DE8}") = "Solution Items", "Solution Items", "{C1D643BE-6FED-4DDF-9139-36768D412696}"
	ProjectSection(SolutionItems) = preProject
		.gitignore = .gitignore
		azure-pipelines.yml = azure-pipelines.yml
		readme.md = readme.md
	EndProjectSection
EndProject
Project("{9A19103F-16F7-4668-BE54-9A1E7A4F7556}") = "Santorini.RandomPlayer", "src\Santorini.RandomPlayer\Santorini.RandomPlayer.csproj", "{66FCE054-4B95-4D52-99D7-26AE0F5B4A4E}"
EndProject
Global
	GlobalSection(SolutionConfigurationPlatforms) = preSolution
		Debug|Any CPU = Debug|Any CPU
		Release|Any CPU = Release|Any CPU
	EndGlobalSection
	GlobalSection(ProjectConfigurationPlatforms) = postSolution
		{FF49E1D5-A374-474E-8F35-2B6CF4E9EB1B}.Debug|Any CPU.ActiveCfg = Debug|Any CPU
		{FF49E1D5-A374-474E-8F35-2B6CF4E9EB1B}.Debug|Any CPU.Build.0 = Debug|Any CPU
		{FF49E1D5-A374-474E-8F35-2B6CF4E9EB1B}.Release|Any CPU.ActiveCfg = Release|Any CPU
		{FF49E1D5-A374-474E-8F35-2B6CF4E9EB1B}.Release|Any CPU.Build.0 = Release|Any CPU
		{EBEAF5BA-028F-4C67-A8E9-10EF1F514C41}.Debug|Any CPU.ActiveCfg = Debug|Any CPU
		{EBEAF5BA-028F-4C67-A8E9-10EF1F514C41}.Debug|Any CPU.Build.0 = Debug|Any CPU
		{EBEAF5BA-028F-4C67-A8E9-10EF1F514C41}.Release|Any CPU.ActiveCfg = Release|Any CPU
		{EBEAF5BA-028F-4C67-A8E9-10EF1F514C41}.Release|Any CPU.Build.0 = Release|Any CPU
		{28497CDE-6FE6-4130-BF7F-8AD25423477F}.Debug|Any CPU.ActiveCfg = Debug|Any CPU
		{28497CDE-6FE6-4130-BF7F-8AD25423477F}.Debug|Any CPU.Build.0 = Debug|Any CPU
		{28497CDE-6FE6-4130-BF7F-8AD25423477F}.Release|Any CPU.ActiveCfg = Release|Any CPU
		{28497CDE-6FE6-4130-BF7F-8AD25423477F}.Release|Any CPU.Build.0 = Release|Any CPU
		{66FCE054-4B95-4D52-99D7-26AE0F5B4A4E}.Debug|Any CPU.ActiveCfg = Debug|Any CPU
		{66FCE054-4B95-4D52-99D7-26AE0F5B4A4E}.Debug|Any CPU.Build.0 = Debug|Any CPU
		{66FCE054-4B95-4D52-99D7-26AE0F5B4A4E}.Release|Any CPU.ActiveCfg = Release|Any CPU
		{66FCE054-4B95-4D52-99D7-26AE0F5B4A4E}.Release|Any CPU.Build.0 = Release|Any CPU
	EndGlobalSection
	GlobalSection(SolutionProperties) = preSolution
		HideSolutionNode = FALSE
	EndGlobalSection
	GlobalSection(NestedProjects) = preSolution
		{EBEAF5BA-028F-4C67-A8E9-10EF1F514C41} = {704D31D4-1474-45C8-A7D3-214C44BCED18}
	EndGlobalSection
	GlobalSection(ExtensibilityGlobals) = postSolution
		SolutionGuid = {FD68B978-C9A0-485C-AA65-2D03CE93A7C2}
	EndGlobalSection
EndGlobal
